
Microsoft Visual Studio Solution File, Format Version 12.00
# Visual Studio Version 16
VisualStudioVersion = 16.0.33328.57
MinimumVisualStudioVersion = 10.0.40219.1
Project("{FAE04EC0-301F-11D3-BF4B-00C04F79EFBC}") = "binaryTree2", "binaryTree2\binaryTree2.csproj", "{323F6188-974B-42FD-985A-05721DB076EF}"
EndProject
Global
	GlobalSection(SolutionConfigurationPlatforms) = preSolution
		Debug|Any CPU = Debug|Any CPU
		Release|Any CPU = Release|Any CPU
	EndGlobalSection
	GlobalSection(ProjectConfigurationPlatforms) = postSolution
		{323F6188-974B-42FD-985A-05721DB076EF}.Debug|Any CPU.ActiveCfg = Debug|Any CPU
		{323F6188-974B-42FD-985A-05721DB076EF}.Debug|Any CPU.Build.0 = Debug|Any CPU
		{323F6188-974B-42FD-985A-05721DB076EF}.Release|Any CPU.ActiveCfg = Release|Any CPU
		{323F6188-974B-42FD-985A-05721DB076EF}.Release|Any CPU.Build.0 = Release|Any CPU
	EndGlobalSection
	GlobalSection(SolutionProperties) = preSolution
		HideSolutionNode = FALSE
	EndGlobalSection
	GlobalSection(ExtensibilityGlobals) = postSolution
		SolutionGuid = {5D321009-AB5F-4431-8E13-960B0C54D094}
	EndGlobalSection
EndGlobal
