
Microsoft Visual Studio Solution File, Format Version 12.00
# Visual Studio Version 16
VisualStudioVersion = 16.0.33328.57
MinimumVisualStudioVersion = 10.0.40219.1
Project("{FAE04EC0-301F-11D3-BF4B-00C04F79EFBC}") = "graph_onclass", "graph_onclass\graph_onclass.csproj", "{68E9DEAF-409C-48CB-88DA-DE2890447E22}"
EndProject
Global
	GlobalSection(SolutionConfigurationPlatforms) = preSolution
		Debug|Any CPU = Debug|Any CPU
		Release|Any CPU = Release|Any CPU
	EndGlobalSection
	GlobalSection(ProjectConfigurationPlatforms) = postSolution
		{68E9DEAF-409C-48CB-88DA-DE2890447E22}.Debug|Any CPU.ActiveCfg = Debug|Any CPU
		{68E9DEAF-409C-48CB-88DA-DE2890447E22}.Debug|Any CPU.Build.0 = Debug|Any CPU
		{68E9DEAF-409C-48CB-88DA-DE2890447E22}.Release|Any CPU.ActiveCfg = Release|Any CPU
		{68E9DEAF-409C-48CB-88DA-DE2890447E22}.Release|Any CPU.Build.0 = Release|Any CPU
	EndGlobalSection
	GlobalSection(SolutionProperties) = preSolution
		HideSolutionNode = FALSE
	EndGlobalSection
	GlobalSection(ExtensibilityGlobals) = postSolution
		SolutionGuid = {BF4AA66B-EFDD-45F9-93D5-64AC3FE69668}
	EndGlobalSection
EndGlobal
