
Microsoft Visual Studio Solution File, Format Version 12.00
# Visual Studio Version 16
VisualStudioVersion = 16.0.33328.57
MinimumVisualStudioVersion = 10.0.40219.1
Project("{FAE04EC0-301F-11D3-BF4B-00C04F79EFBC}") = "graph_dijstra", "graph_dijstra\graph_dijstra.csproj", "{BAA02017-9D33-421A-A808-C2D4A7E3AC19}"
EndProject
Global
	GlobalSection(SolutionConfigurationPlatforms) = preSolution
		Debug|Any CPU = Debug|Any CPU
		Release|Any CPU = Release|Any CPU
	EndGlobalSection
	GlobalSection(ProjectConfigurationPlatforms) = postSolution
		{BAA02017-9D33-421A-A808-C2D4A7E3AC19}.Debug|Any CPU.ActiveCfg = Debug|Any CPU
		{BAA02017-9D33-421A-A808-C2D4A7E3AC19}.Debug|Any CPU.Build.0 = Debug|Any CPU
		{BAA02017-9D33-421A-A808-C2D4A7E3AC19}.Release|Any CPU.ActiveCfg = Release|Any CPU
		{BAA02017-9D33-421A-A808-C2D4A7E3AC19}.Release|Any CPU.Build.0 = Release|Any CPU
	EndGlobalSection
	GlobalSection(SolutionProperties) = preSolution
		HideSolutionNode = FALSE
	EndGlobalSection
	GlobalSection(ExtensibilityGlobals) = postSolution
		SolutionGuid = {CBEF80E1-005B-4A36-AE4B-7386A3661F43}
	EndGlobalSection
EndGlobal
