
Microsoft Visual Studio Solution File, Format Version 12.00
# Visual Studio Version 16
VisualStudioVersion = 16.0.33328.57
MinimumVisualStudioVersion = 10.0.40219.1
Project("{FAE04EC0-301F-11D3-BF4B-00C04F79EFBC}") = "btcuoiKy", "btcuoiKy\btcuoiKy.csproj", "{A6AC1511-4EAB-4CB1-A359-6ECA10BB4E32}"
EndProject
Global
	GlobalSection(SolutionConfigurationPlatforms) = preSolution
		Debug|Any CPU = Debug|Any CPU
		Release|Any CPU = Release|Any CPU
	EndGlobalSection
	GlobalSection(ProjectConfigurationPlatforms) = postSolution
		{A6AC1511-4EAB-4CB1-A359-6ECA10BB4E32}.Debug|Any CPU.ActiveCfg = Debug|Any CPU
		{A6AC1511-4EAB-4CB1-A359-6ECA10BB4E32}.Debug|Any CPU.Build.0 = Debug|Any CPU
		{A6AC1511-4EAB-4CB1-A359-6ECA10BB4E32}.Release|Any CPU.ActiveCfg = Release|Any CPU
		{A6AC1511-4EAB-4CB1-A359-6ECA10BB4E32}.Release|Any CPU.Build.0 = Release|Any CPU
	EndGlobalSection
	GlobalSection(SolutionProperties) = preSolution
		HideSolutionNode = FALSE
	EndGlobalSection
	GlobalSection(ExtensibilityGlobals) = postSolution
		SolutionGuid = {83BCBD0D-0DB1-44CC-8473-8776F1372237}
	EndGlobalSection
EndGlobal
