
Microsoft Visual Studio Solution File, Format Version 12.00
# Visual Studio Version 16
VisualStudioVersion = 16.0.33328.57
MinimumVisualStudioVersion = 10.0.40219.1
Project("{FAE04EC0-301F-11D3-BF4B-00C04F79EFBC}") = "Form_GPTB2_P", "Form_GPTB2_P\Form_GPTB2_P.csproj", "{C309A00A-A620-4544-BF0E-E7420A1B157C}"
EndProject
Global
	GlobalSection(SolutionConfigurationPlatforms) = preSolution
		Debug|Any CPU = Debug|Any CPU
		Release|Any CPU = Release|Any CPU
	EndGlobalSection
	GlobalSection(ProjectConfigurationPlatforms) = postSolution
		{C309A00A-A620-4544-BF0E-E7420A1B157C}.Debug|Any CPU.ActiveCfg = Debug|Any CPU
		{C309A00A-A620-4544-BF0E-E7420A1B157C}.Debug|Any CPU.Build.0 = Debug|Any CPU
		{C309A00A-A620-4544-BF0E-E7420A1B157C}.Release|Any CPU.ActiveCfg = Release|Any CPU
		{C309A00A-A620-4544-BF0E-E7420A1B157C}.Release|Any CPU.Build.0 = Release|Any CPU
	EndGlobalSection
	GlobalSection(SolutionProperties) = preSolution
		HideSolutionNode = FALSE
	EndGlobalSection
	GlobalSection(ExtensibilityGlobals) = postSolution
		SolutionGuid = {BDA9418D-A93B-40F3-B4E5-0D3878486880}
	EndGlobalSection
EndGlobal
